github.com/grep-michael/SMBIOS_parser v1.0.4 h1:IMZ1pC/c31lJOrjZ6pNKhRyRQyv+pqV9hqsQiePZl1Q=
github.com/grep-michael/SMBIOS_parser v1.0.4/go.mod h1:L4O+Ezg0hMC5YyGEJxfofNyr75yzdlpN2eVDubQ5ODU=
github.com/grep-michael/goPCIe v1.0.6 h1:NxQdkhdW0AINYTyiw0ZybKqGbyk84/Td+hSVVFvUeN4=
github.com/grep-michael/goPCIe v1.0.6/go.mod h1:6LAW10mHAKFxTSVgcRSxHI/yXVT9UyZGWQ2yb/fPAvk=
