github.com/grep-michael/SMBIOS_parser v1.0.1 h1:ODW+1V+YjAIck6Hz3pL86luCYqJnePcUsB9NkvDx1Ts=
github.com/grep-michael/SMBIOS_parser v1.0.1/go.mod h1:L4O+Ezg0hMC5YyGEJxfofNyr75yzdlpN2eVDubQ5ODU=
github.com/grep-michael/goPCIe v1.0.1 h1:6jXPIyYPp5xYGk8DW6NgRPUXR/KL3uZAac7CEDWBUQ0=
github.com/grep-michael/goPCIe v1.0.1/go.mod h1:6LAW10mHAKFxTSVgcRSxHI/yXVT9UyZGWQ2yb/fPAvk=
